# THIS IS AN AUTOGENERATED FILE. DO NOT EDIT THIS FILE DIRECTLY.
# yarn lockfile v1


any-promise@^1.1.0:
  version "1.3.0"
  resolved "https://registry.yarnpkg.com/any-promise/-/any-promise-1.3.0.tgz#abc6afeedcea52e809cdc0376aed3ce39635d17f"

core-util-is@~1.0.0:
  version "1.0.2"
  resolved "https://registry.yarnpkg.com/core-util-is/-/core-util-is-1.0.2.tgz#b5fd54220aa2bc5ab57aab7140c940754503c1a7"

from2@^2.1.1:
  version "2.3.0"
  resolved "https://registry.yarnpkg.com/from2/-/from2-2.3.0.tgz#8bfb5502bde4a4d36cfdeea007fcca21d7e382af"
  dependencies:
    inherits "^2.0.1"
    readable-stream "^2.0.0"

hoek@4.x.x:
  version "4.1.1"
  resolved "https://registry.yarnpkg.com/hoek/-/hoek-4.1.1.tgz#9cc573ffba2b7b408fb5e9c2a13796be94cddce9"

inherits@^2.0.1, inherits@~2.0.1:
  version "2.0.3"
  resolved "https://registry.yarnpkg.com/inherits/-/inherits-2.0.3.tgz#633c2c83e3da42a502f52466022480f4208261de"

into-stream@^3.1.0:
  version "3.1.0"
  resolved "https://registry.yarnpkg.com/into-stream/-/into-stream-3.1.0.tgz#96fb0a936c12babd6ff1752a17d05616abd094c6"
  dependencies:
    from2 "^2.1.1"
    p-is-promise "^1.1.0"

isarray@~1.0.0:
  version "1.0.0"
  resolved "https://registry.yarnpkg.com/isarray/-/isarray-1.0.0.tgz#bb935d48582cba168c06834957a54a3e07124f11"

isemail@2.x.x:
  version "2.2.1"
  resolved "https://registry.yarnpkg.com/isemail/-/isemail-2.2.1.tgz#0353d3d9a62951080c262c2aa0a42b8ea8e9e2a6"

joi@^8.0.3:
  version "8.4.2"
  resolved "https://registry.yarnpkg.com/joi/-/joi-8.4.2.tgz#bd7774658fe99058d8994ed1d4b9962484ebb859"
  dependencies:
    hoek "4.x.x"
    isemail "2.x.x"
    moment "2.x.x"
    topo "2.x.x"

json-api-serializer@1.8.0:
  version "1.8.0"
  resolved "https://registry.yarnpkg.com/json-api-serializer/-/json-api-serializer-1.8.0.tgz#83efd75e0625ed8e03e1187f7044ed3d9dc90d50"
  dependencies:
    into-stream "^3.1.0"
    joi "^8.0.3"
    lodash "^4.5.1"
    stream-to-array "^2.3.0"
    through2 "^2.0.3"
    unique-stream "^2.2.1"

json-stable-stringify@^1.0.0:
  version "1.0.1"
  resolved "https://registry.yarnpkg.com/json-stable-stringify/-/json-stable-stringify-1.0.1.tgz#9a759d39c5f2ff503fd5300646ed445f88c4f9af"
  dependencies:
    jsonify "~0.0.0"

jsonapi-datastore@0.4.0-beta:
  version "0.4.0-beta"
  resolved "https://registry.yarnpkg.com/jsonapi-datastore/-/jsonapi-datastore-0.4.0-beta.tgz#b499fce924d45e2bc3c6178681520063e2361f10"

jsonify@~0.0.0:
  version "0.0.0"
  resolved "https://registry.yarnpkg.com/jsonify/-/jsonify-0.0.0.tgz#2c74b6ee41d93ca51b7b5aaee8f503631d252a73"

lodash@^4.5.1:
  version "4.17.4"
  resolved "https://registry.yarnpkg.com/lodash/-/lodash-4.17.4.tgz#78203a4d1c328ae1d86dca6460e369b57f4055ae"

moment@2.x.x:
  version "2.18.1"
  resolved "https://registry.yarnpkg.com/moment/-/moment-2.18.1.tgz#c36193dd3ce1c2eed2adb7c802dbbc77a81b1c0f"

p-is-promise@^1.1.0:
  version "1.1.0"
  resolved "https://registry.yarnpkg.com/p-is-promise/-/p-is-promise-1.1.0.tgz#9c9456989e9f6588017b0434d56097675c3da05e"

process-nextick-args@~1.0.6:
  version "1.0.7"
  resolved "https://registry.yarnpkg.com/process-nextick-args/-/process-nextick-args-1.0.7.tgz#150e20b756590ad3f91093f25a4f2ad8bff30ba3"

readable-stream@^2.0.0, readable-stream@^2.1.5:
  version "2.2.11"
  resolved "https://registry.yarnpkg.com/readable-stream/-/readable-stream-2.2.11.tgz#0796b31f8d7688007ff0b93a8088d34aa17c0f72"
  dependencies:
    core-util-is "~1.0.0"
    inherits "~2.0.1"
    isarray "~1.0.0"
    process-nextick-args "~1.0.6"
    safe-buffer "~5.0.1"
    string_decoder "~1.0.0"
    util-deprecate "~1.0.1"

safe-buffer@~5.0.1:
  version "5.0.1"
  resolved "https://registry.yarnpkg.com/safe-buffer/-/safe-buffer-5.0.1.tgz#d263ca54696cd8a306b5ca6551e92de57918fbe7"

stream-to-array@^2.3.0:
  version "2.3.0"
  resolved "https://registry.yarnpkg.com/stream-to-array/-/stream-to-array-2.3.0.tgz#bbf6b39f5f43ec30bc71babcb37557acecf34353"
  dependencies:
    any-promise "^1.1.0"

string_decoder@~1.0.0:
  version "1.0.2"
  resolved "https://registry.yarnpkg.com/string_decoder/-/string_decoder-1.0.2.tgz#b29e1f4e1125fa97a10382b8a533737b7491e179"
  dependencies:
    safe-buffer "~5.0.1"

through2-filter@^2.0.0:
  version "2.0.0"
  resolved "https://registry.yarnpkg.com/through2-filter/-/through2-filter-2.0.0.tgz#60bc55a0dacb76085db1f9dae99ab43f83d622ec"
  dependencies:
    through2 "~2.0.0"
    xtend "~4.0.0"

through2@^2.0.3, through2@~2.0.0:
  version "2.0.3"
  resolved "https://registry.yarnpkg.com/through2/-/through2-2.0.3.tgz#0004569b37c7c74ba39c43f3ced78d1ad94140be"
  dependencies:
    readable-stream "^2.1.5"
    xtend "~4.0.1"

topo@2.x.x:
  version "2.0.2"
  resolved "https://registry.yarnpkg.com/topo/-/topo-2.0.2.tgz#cd5615752539057c0dc0491a621c3bc6fbe1d182"
  dependencies:
    hoek "4.x.x"

unique-stream@^2.2.1:
  version "2.2.1"
  resolved "https://registry.yarnpkg.com/unique-stream/-/unique-stream-2.2.1.tgz#5aa003cfbe94c5ff866c4e7d668bb1c4dbadb369"
  dependencies:
    json-stable-stringify "^1.0.0"
    through2-filter "^2.0.0"

util-deprecate@~1.0.1:
  version "1.0.2"
  resolved "https://registry.yarnpkg.com/util-deprecate/-/util-deprecate-1.0.2.tgz#450d4dc9fa70de732762fbd2d4a28981419a0ccf"

xtend@~4.0.0, xtend@~4.0.1:
  version "4.0.1"
  resolved "https://registry.yarnpkg.com/xtend/-/xtend-4.0.1.tgz#a5c6d532be656e23db820efb943a1f04998d63af"
